{
  "name": "nodemailer",
  "version": "0.3.42-2",
  "from": "nodemailer@git://github.com/bislr/Nodemailer.git#v0.3.42-2",
  "dependencies": {
    "mailcomposer": {
      "version": "0.2.9",
      "from": "mailcomposer@>= 0.1.29",
      "dependencies": {
        "mimelib": {
          "version": "0.2.14",
          "from": "mimelib@~0.2.14",
          "dependencies": {
            "encoding": {
              "version": "0.1.7",
              "from": "encoding@~0.1",
              "dependencies": {
                "iconv-lite": {
                  "version": "0.2.11",
                  "from": "iconv-lite@~0.2.11"
                }
              }
            },
            "addressparser": {
              "version": "0.2.1",
              "from": "addressparser@~0.2.0"
            }
          }
        },
        "mime": {
          "version": "1.2.11",
          "from": "mime@1.2.11"
        },
        "he": {
          "version": "0.3.6",
          "from": "he@~0.3.6"
        },
        "punycode": {
          "version": "1.2.4",
          "from": "punycode@~1.2.3"
        },
        "follow-redirects": {
          "version": "0.0.3",
          "from": "follow-redirects@0.0.3",
          "dependencies": {
            "underscore": {
              "version": "1.6.0",
              "from": "underscore@"
            }
          }
        },
        "dkim-signer": {
          "version": "0.1.0",
          "from": "dkim-signer@~0.1.0"
        }
      }
    },
    "simplesmtp": {
      "version": "0.2.7",
      "from": "simplesmtp@0.2.x",
      "dependencies": {
        "rai": {
          "version": "0.1.10",
          "from": "rai@~0.1"
        },
        "xoauth2": {
          "version": "0.1.8",
          "from": "xoauth2@~0.1"
        }
      }
    },
    "optimist": {
      "version": "0.6.1",
      "from": "optimist@*",
      "dependencies": {
        "wordwrap": {
          "version": "0.0.2",
          "from": "wordwrap@~0.0.2"
        },
        "minimist": {
          "version": "0.0.10",
          "from": "minimist@~0.0.1"
        }
      }
    }
  }
}
