{
  "name": "nodemailer",
  "version": "0.3.42-4",
  "dependencies": {
    "mailcomposer": {
      "version": "0.2.12",
      "dependencies": {
        "mimelib": {
          "version": "0.2.19",
          "dependencies": {
            "encoding": {
              "version": "0.1.11",
              "dependencies": {
                "iconv-lite": {
                  "version": "0.4.11"
                }
              }
            },
            "addressparser": {
              "version": "0.3.2"
            }
          }
        },
        "mime": {
          "version": "1.2.11"
        },
        "he": {
          "version": "0.3.6"
        },
        "follow-redirects": {
          "version": "0.0.3",
          "dependencies": {
            "underscore": {
              "version": "1.8.3"
            }
          }
        },
        "dkim-signer": {
          "version": "0.1.2",
          "dependencies": {
            "punycode": {
              "version": "1.2.4"
            },
            "mimelib": {
              "version": "0.2.19",
              "dependencies": {
                "encoding": {
                  "version": "0.1.11",
                  "dependencies": {
                    "iconv-lite": {
                      "version": "0.4.11"
                    }
                  }
                },
                "addressparser": {
                  "version": "0.3.2"
                }
              }
            }
          }
        }
      }
    },
    "optimist": {
      "version": "0.3.7",
      "dependencies": {
        "wordwrap": {
          "version": "0.0.3"
        }
      }
    },
    "simplesmtp": {
      "version": "0.2.7",
      "dependencies": {
        "rai": {
          "version": "0.1.12"
        },
        "xoauth2": {
          "version": "0.1.8"
        }
      }
    }
  }
}
